{
    "_readme": [
        "This file locks the dependencies of your project to a known state",
        "Read more about it at http://getcomposer.org/doc/01-basic-usage.md#composer-lock-the-lock-file",
        "This file is @generated automatically"
    ],
    "hash": "6c79a7038e971acdeb0adc3bc07d037a",
    "packages": [
        {
            "name": "erpmesh/phplib-connect",
            "version": "dev-master",
            "source": {
                "type": "git",
                "url": "https://github.com/erpmesh/phplib-connect.git",
                "reference": "a6af9c9cc634a2b2f41e84635412ff0249e21408"
            },
            "dist": {
                "type": "zip",
                "url": "https://api.github.com/repos/erpmesh/phplib-connect/zipball/a6af9c9cc634a2b2f41e84635412ff0249e21408",
                "reference": "a6af9c9cc634a2b2f41e84635412ff0249e21408",
                "shasum": ""
            },
            "type": "library",
            "notification-url": "https://packagist.org/downloads/",
            "license": [
                "MIT"
            ],
            "authors": [
                {
                    "name": "Pitipong Guntawong",
                    "email": "pppstudio.gm@gmail.com"
                }
            ],
            "description": "PHP Library that integrated with ERPMesh for the synchronization between other ERP software to php base ERP software",
            "time": "2015-09-10 14:52:33"
        }
    ],
    "packages-dev": [],
    "aliases": [],
    "minimum-stability": "dev",
    "stability-flags": {
        "erpmesh/phplib-connect": 20
    },
    "prefer-stable": false,
    "prefer-lowest": false,
    "platform": [],
    "platform-dev": []
}
